
Microsoft Visual Studio Solution File, Format Version 12.00
# Visual Studio Version 16
VisualStudioVersion = 16.0.30611.23
MinimumVisualStudioVersion = 15.0.26124.0
Project("{FAE04EC0-301F-11D3-BF4B-00C04F79EFBC}") = "Kursovaya_Gladkov.Objects", "Objects/Kursovaya_Gladkov.Objects.csproj", "8e7cf9b7-6f34-4ec3-bc82-510647983277"
EndProject
Project("{FAE04EC0-301F-11D3-BF4B-00C04F79EFBC}") = "Kursovaya_Gladkov.Tests", "Tests/Kursovaya_Gladkov.Tests.csproj", "219ec330-b788-4444-b08e-115f8bde4161"
EndProject
Project("{FAE04EC0-301F-11D3-BF4B-00C04F79EFBC}") = "Kursovaya_Gladkov.ODataBackend", "ODataBackend/Kursovaya_Gladkov.ODataBackend.csproj", "7ddd800f-71ae-4568-b776-61cb4b7735b0"
EndProject
Project("{FAE04EC0-301F-11D3-BF4B-00C04F79EFBC}") = "Kursovaya_Gladkov.IntegrationTests", "IntegrationTests/Kursovaya_Gladkov.IntegrationTests.csproj", "e38c24f3-674b-4d55-8197-5408003ae38b"
EndProject
Global
	GlobalSection(SolutionConfigurationPlatforms) = preSolution
Debug|Any CPU = Debug|Any CPU
Release|Any CPU = Release|Any CPU
	EndGlobalSection
	GlobalSection(ProjectConfigurationPlatforms) = postSolution
		8e7cf9b7-6f34-4ec3-bc82-510647983277.Debug|Any CPU.ActiveCfg = Debug|Any CPU
		8e7cf9b7-6f34-4ec3-bc82-510647983277.Debug|Any CPU.Build.0 = Debug|Any CPU
		8e7cf9b7-6f34-4ec3-bc82-510647983277.Release|Any CPU.ActiveCfg = Release|Any CPU
		8e7cf9b7-6f34-4ec3-bc82-510647983277.Release|Any CPU.Build.0 = Release|Any CPU
		219ec330-b788-4444-b08e-115f8bde4161.Debug|Any CPU.ActiveCfg = Debug|Any CPU
		219ec330-b788-4444-b08e-115f8bde4161.Debug|Any CPU.Build.0 = Debug|Any CPU
		219ec330-b788-4444-b08e-115f8bde4161.Release|Any CPU.ActiveCfg = Release|Any CPU
		219ec330-b788-4444-b08e-115f8bde4161.Release|Any CPU.Build.0 = Release|Any CPU
		7ddd800f-71ae-4568-b776-61cb4b7735b0.Debug|Any CPU.ActiveCfg = Debug|Any CPU
		7ddd800f-71ae-4568-b776-61cb4b7735b0.Debug|Any CPU.Build.0 = Debug|Any CPU
		7ddd800f-71ae-4568-b776-61cb4b7735b0.Release|Any CPU.ActiveCfg = Release|Any CPU
		7ddd800f-71ae-4568-b776-61cb4b7735b0.Release|Any CPU.Build.0 = Release|Any CPU
		e38c24f3-674b-4d55-8197-5408003ae38b.Debug|Any CPU.ActiveCfg = Debug|Any CPU
		e38c24f3-674b-4d55-8197-5408003ae38b.Debug|Any CPU.Build.0 = Debug|Any CPU
		e38c24f3-674b-4d55-8197-5408003ae38b.Release|Any CPU.ActiveCfg = Release|Any CPU
		e38c24f3-674b-4d55-8197-5408003ae38b.Release|Any CPU.Build.0 = Release|Any CPU
	EndGlobalSection
	GlobalSection(SolutionProperties) = preSolution
		HideSolutionNode = FALSE
	EndGlobalSection
EndGlobal
